{
  "name": "Multi_Channel_Signal_Viewer",
  "lockfileVersion": 3,
  "requires": true,
  "packages": {
    "": {
      "dependencies": {
        "seaborn": "^0.0.1-security",
        "wfdb": "^0.0.9"
      },
      "devDependencies": {
        "tailwindcss": "^4.1.14"
      }
    },
    "node_modules/graceful-fs": {
      "version": "3.0.12",
      "resolved": "https://registry.npmjs.org/graceful-fs/-/graceful-fs-3.0.12.tgz",
      "integrity": "sha512-J55gaCS4iTTJfTXIxSVw3EMQckcqkpdRv3IR7gu6sq0+tbC363Zx6KH/SEwXASK9JRbhyZmVjJEVJIOxYsB3Qg==",
      "license": "ISC",
      "dependencies": {
        "natives": "^1.1.3"
      },
      "engines": {
        "node": ">=0.4.0"
      }
    },
    "node_modules/minimist": {
      "version": "1.2.8",
      "resolved": "https://registry.npmjs.org/minimist/-/minimist-1.2.8.tgz",
      "integrity": "sha512-2yyAR8qBkN3YuheJanUpWC5U3bb5osDywNB8RzDVlDwDHbocAJveqqj1u8+SVD7jkWT4yvsHCpWqqWqAxb0zCA==",
      "license": "MIT",
      "funding": {
        "url": "https://github.com/sponsors/ljharb"
      }
    },
    "node_modules/mkdirp": {
      "version": "0.5.6",
      "resolved": "https://registry.npmjs.org/mkdirp/-/mkdirp-0.5.6.tgz",
      "integrity": "sha512-FP+p8RB8OWpF3YZBCrP5gtADmtXApB5AMLn+vdyA+PyxCjrCs00mjyUozssO33cwDeT3wNGdLxJ5M//YqtHAJw==",
      "license": "MIT",
      "dependencies": {
        "minimist": "^1.2.6"
      },
      "bin": {
        "mkdirp": "bin/cmd.js"
      }
    },
    "node_modules/natives": {
      "version": "1.1.6",
      "resolved": "https://registry.npmjs.org/natives/-/natives-1.1.6.tgz",
      "integrity": "sha512-6+TDFewD4yxY14ptjKaS63GVdtKiES1pTPyxn9Jb0rBqPMZ7VcCiooEhPNsr+mqHtMGxa/5c/HhcC4uPEUw/nA==",
      "deprecated": "This module relies on Node.js's internals and will break at some point. Do not use it, and update to graceful-fs@4.x.",
      "license": "ISC"
    },
    "node_modules/seaborn": {
      "version": "0.0.1-security",
      "resolved": "https://registry.npmjs.org/seaborn/-/seaborn-0.0.1-security.tgz",
      "integrity": "sha512-ea7Iocp2q8A+xrR3z8PluVeFFxyNLxza6ws2ZLdL1bi/J5YNMolhswLb3G+1Op87LJEhNXn6Y9r8YJMR5osflQ=="
    },
    "node_modules/tailwindcss": {
      "version": "4.1.14",
      "resolved": "https://registry.npmjs.org/tailwindcss/-/tailwindcss-4.1.14.tgz",
      "integrity": "sha512-b7pCxjGO98LnxVkKjaZSDeNuljC4ueKUddjENJOADtubtdo8llTaJy7HwBMeLNSSo2N5QIAgklslK1+Ir8r6CA==",
      "dev": true,
      "license": "MIT"
    },
    "node_modules/wfdb": {
      "version": "0.0.9",
      "resolved": "https://registry.npmjs.org/wfdb/-/wfdb-0.0.9.tgz",
      "integrity": "sha512-Vqk7okzX2WUkPsZIR4gPcisZBOoj2AYeWJu5XXstIdWM+zUHq+1Xx5iRWRRjVnBineY0T9Ho6lsXGVBUSuXIyw==",
      "license": "ISC",
      "dependencies": {
        "graceful-fs": "^3.0.8",
        "mkdirp": "^0.5.1"
      },
      "engines": {
        "node": ">= 0.10"
      }
    }
  }
}
